
Microsoft Visual Studio Solution File, Format Version 12.00
# Visual Studio Version 17
VisualStudioVersion = 17.2.32526.322
MinimumVisualStudioVersion = 10.0.40219.1
Project("{FAE04EC0-301F-11D3-BF4B-00C04F79EFBC}") = "AutoProp", "AutoProp\AutoProp.csproj", "{8D96FA8C-BEBC-49DD-B456-929716FB284A}"
EndProject
Global
	GlobalSection(SolutionConfigurationPlatforms) = preSolution
		Debug|Any CPU = Debug|Any CPU
		Release|Any CPU = Release|Any CPU
	EndGlobalSection
	GlobalSection(ProjectConfigurationPlatforms) = postSolution
		{8D96FA8C-BEBC-49DD-B456-929716FB284A}.Debug|Any CPU.ActiveCfg = Debug|Any CPU
		{8D96FA8C-BEBC-49DD-B456-929716FB284A}.Debug|Any CPU.Build.0 = Debug|Any CPU
		{8D96FA8C-BEBC-49DD-B456-929716FB284A}.Release|Any CPU.ActiveCfg = Release|Any CPU
		{8D96FA8C-BEBC-49DD-B456-929716FB284A}.Release|Any CPU.Build.0 = Release|Any CPU
	EndGlobalSection
	GlobalSection(SolutionProperties) = preSolution
		HideSolutionNode = FALSE
	EndGlobalSection
	GlobalSection(ExtensibilityGlobals) = postSolution
		SolutionGuid = {59166E6A-3448-4CE0-8F87-14AC49DEBBAE}
	EndGlobalSection
EndGlobal
